// !$*UTF8*$!
{
	archiveVersion = 1;
	classes = {
	};
	objectVersion = 46;
	objects = {

/* Begin PBXBuildFile section */
		AB5E20BE1D64372100F7BA8C /* main.m in Sources */ = {isa = PBXBuildFile; fileRef = AB5E20BD1D64372100F7BA8C /* main.m */; };
		AB5E20C11D64372100F7BA8C /* AppDelegate.m in Sources */ = {isa = PBXBuildFile; fileRef = AB5E20C01D64372100F7BA8C /* AppDelegate.m */; };
		AB5E20C41D64372100F7BA8C /* ViewController.m in Sources */ = {isa = PBXBuildFile; fileRef = AB5E20C31D64372100F7BA8C /* ViewController.m */; };
		AB5E20C71D64372100F7BA8C /* Main.storyboard in Resources */ = {isa = PBXBuildFile; fileRef = AB5E20C51D64372100F7BA8C /* Main.storyboard */; };
		AB5E20C91D64372100F7BA8C /* Assets.xcassets in Resources */ = {isa = PBXBuildFile; fileRef = AB5E20C81D64372100F7BA8C /* Assets.xcassets */; };
		AB5E20CC1D64372100F7BA8C /* LaunchScreen.storyboard in Resources */ = {isa = PBXBuildFile; fileRef = AB5E20CA1D64372100F7BA8C /* LaunchScreen.storyboard */; };
/* End PBXBuildFile section */

/* Begin PBXFileReference section */
		AB5E20B91D64372100F7BA8C /* xmpptext.app */ = {isa = PBXFileReference; explicitFileType = wrapper.application; includeInIndex = 0; path = xmpptext.app; sourceTree = BUILT_PRODUCTS_DIR; };
		AB5E20BD1D64372100F7BA8C /* main.m */ = {isa = PBXFileReference; lastKnownFileType = sourcecode.c.objc; path = main.m; sourceTree = "<group>"; };
		AB5E20BF1D64372100F7BA8C /* AppDelegate.h */ = {isa = PBXFileReference; lastKnownFileType = sourcecode.c.h; path = AppDelegate.h; sourceTree = "<group>"; };
		AB5E20C01D64372100F7BA8C /* AppDelegate.m */ = {isa = PBXFileReference; lastKnownFileType = sourcecode.c.objc; path = AppDelegate.m; sourceTree = "<group>"; };
		AB5E20C21D64372100F7BA8C /* ViewController.h */ = {isa = PBXFileReference; lastKnownFileType = sourcecode.c.h; path = ViewController.h; sourceTree = "<group>"; };
		AB5E20C31D64372100F7BA8C /* ViewController.m */ = {isa = PBXFileReference; lastKnownFileType = sourcecode.c.objc; path = ViewController.m; sourceTree = "<group>"; };
		AB5E20C61D64372100F7BA8C /* Base */ = {isa = PBXFileReference; lastKnownFileType = file.storyboard; name = Base; path = Base.lproj/Main.storyboard; sourceTree = "<group>"; };
		AB5E20C81D64372100F7BA8C /* Assets.xcassets */ = {isa = PBXFileReference; lastKnownFileType = folder.assetcatalog; path = Assets.xcassets; sourceTree = "<group>"; };
		AB5E20CB1D64372100F7BA8C /* Base */ = {isa = PBXFileReference; lastKnownFileType = file.storyboard; name = Base; path = Base.lproj/LaunchScreen.storyboard; sourceTree = "<group>"; };
		AB5E20CD1D64372100F7BA8C /* Info.plist */ = {isa = PBXFileReference; lastKnownFileType = text.plist.xml; path = Info.plist; sourceTree = "<group>"; };
/* End PBXFileReference section */

/* Begin PBXFrameworksBuildPhase section */
		AB5E20B61D64372100F7BA8C /* Frameworks */ = {
			isa = PBXFrameworksBuildPhase;
			buildActionMask = 2147483647;
			files = (
			);
			runOnlyForDeploymentPostprocessing = 0;
		};
/* End PBXFrameworksBuildPhase section */

/* Begin PBXGroup section */
		AB5E20B01D64372100F7BA8C = {
			isa = PBXGroup;
			children = (
				AB5E20BB1D64372100F7BA8C /* xmpptext */,
				AB5E20BA1D64372100F7BA8C /* Products */,
			);
			sourceTree = "<group>";
		};
		AB5E20BA1D64372100F7BA8C /* Products */ = {
			isa = PBXGroup;
			children = (
				AB5E20B91D64372100F7BA8C /* xmpptext.app */,
			);
			name = Products;
			sourceTree = "<group>";
		};
		AB5E20BB1D64372100F7BA8C /* xmpptext */ = {
			isa = PBXGroup;
			children = (
				AB5E20BF1D64372100F7BA8C /* AppDelegate.h */,
				AB5E20C01D64372100F7BA8C /* AppDelegate.m */,
				AB5E20C21D64372100F7BA8C /* ViewController.h */,
				AB5E20C31D64372100F7BA8C /* ViewController.m */,
				AB5E20C51D64372100F7BA8C /* Main.storyboard */,
				AB5E20C81D64372100F7BA8C /* Assets.xcassets */,
				AB5E20CA1D64372100F7BA8C /* LaunchScreen.storyboard */,
				AB5E20CD1D64372100F7BA8C /* Info.plist */,
				AB5E20BC1D64372100F7BA8C /* Supporting Files */,
			);
			path = xmpptext;
			sourceTree = "<group>";
		};
		AB5E20BC1D64372100F7BA8C /* Supporting Files */ = {
			isa = PBXGroup;
			children = (
				AB5E20BD1D64372100F7BA8C /* main.m */,
			);
			name = "Supporting Files";
			sourceTree = "<group>";
		};
/* End PBXGroup section */

/* Begin PBXNativeTarget section */
		AB5E20B81D64372100F7BA8C /* xmpptext */ = {
			isa = PBXNativeTarget;
			buildConfigurationList = AB5E20D01D64372100F7BA8C /* Build configuration list for PBXNativeTarget "xmpptext" */;
			buildPhases = (
				AB5E20B51D64372100F7BA8C /* Sources */,
				AB5E20B61D64372100F7BA8C /* Frameworks */,
				AB5E20B71D64372100F7BA8C /* Resources */,
			);
			buildRules = (
			);
			dependencies = (
			);
			name = xmpptext;
			productName = xmpptext;
			productReference = AB5E20B91D64372100F7BA8C /* xmpptext.app */;
			productType = "com.apple.product-type.application";
		};
/* End PBXNativeTarget section */

/* Begin PBXProject section */
		AB5E20B11D64372100F7BA8C /* Project object */ = {
			isa = PBXProject;
			attributes = {
				LastUpgradeCheck = 0730;
				ORGANIZATIONNAME = xinde;
				TargetAttributes = {
					AB5E20B81D64372100F7BA8C = {
						CreatedOnToolsVersion = 7.3.1;
					};
				};
			};
			buildConfigurationList = AB5E20B41D64372100F7BA8C /* Build configuration list for PBXProject "xmpptext" */;
			compatibilityVersion = "Xcode 3.2";
			developmentRegion = English;
			hasScannedForEncodings = 0;
			knownRegions = (
				en,
				Base,
			);
			mainGroup = AB5E20B01D64372100F7BA8C;
			productRefGroup = AB5E20BA1D64372100F7BA8C /* Products */;
			projectDirPath = "";
			projectRoot = "";
			targets = (
				AB5E20B81D64372100F7BA8C /* xmpptext */,
			);
		};
/* End PBXProject section */

/* Begin PBXResourcesBuildPhase section */
		AB5E20B71D64372100F7BA8C /* Resources */ = {
			isa = PBXResourcesBuildPhase;
			buildActionMask = 2147483647;
			files = (
				AB5E20CC1D64372100F7BA8C /* LaunchScreen.storyboard in Resources */,
				AB5E20C91D64372100F7BA8C /* Assets.xcassets in Resources */,
				AB5E20C71D64372100F7BA8C /* Main.storyboard in Resources */,
			);
			runOnlyForDeploymentPostprocessing = 0;
		};
/* End PBXResourcesBuildPhase section */

/* Begin PBXSourcesBuildPhase section */
		AB5E20B51D64372100F7BA8C /* Sources */ = {
			isa = PBXSourcesBuildPhase;
			buildActionMask = 2147483647;
			files = (
				AB5E20C41D64372100F7BA8C /* ViewController.m in Sources */,
				AB5E20C11D64372100F7BA8C /* AppDelegate.m in Sources */,
				AB5E20BE1D64372100F7BA8C /* main.m in Sources */,
			);
			runOnlyForDeploymentPostprocessing = 0;
		};
/* End PBXSourcesBuildPhase section */

/* Begin PBXVariantGroup section */
		AB5E20C51D64372100F7BA8C /* Main.storyboard */ = {
			isa = PBXVariantGroup;
			children = (
				AB5E20C61D64372100F7BA8C /* Base */,
			);
			name = Main.storyboard;
			sourceTree = "<group>";
		};
		AB5E20CA1D64372100F7BA8C /* LaunchScreen.storyboard */ = {
			isa = PBXVariantGroup;
			children = (
				AB5E20CB1D64372100F7BA8C /* Base */,
			);
			name = LaunchScreen.storyboard;
			sourceTree = "<group>";
		};
/* End PBXVariantGroup section */

/* Begin XCBuildConfiguration section */
		AB5E20CE1D64372100F7BA8C /* Debug */ = {
			isa = XCBuildConfiguration;
			buildSettings = {
				ALWAYS_SEARCH_USER_PATHS = NO;
				CLANG_ANALYZER_NONNULL = YES;
				CLANG_CXX_LANGUAGE_STANDARD = "gnu++0x";
				CLANG_CXX_LIBRARY = "libc++";
				CLANG_ENABLE_MODULES = YES;
				CLANG_ENABLE_OBJC_ARC = YES;
				CLANG_WARN_BOOL_CONVERSION = YES;
				CLANG_WARN_CONSTANT_CONVERSION = YES;
				CLANG_WARN_DIRECT_OBJC_ISA_USAGE = YES_ERROR;
				CLANG_WARN_EMPTY_BODY = YES;
				CLANG_WARN_ENUM_CONVERSION = YES;
				CLANG_WARN_INT_CONVERSION = YES;
				CLANG_WARN_OBJC_ROOT_CLASS = YES_ERROR;
				CLANG_WARN_UNREACHABLE_CODE = YES;
				CLANG_WARN__DUPLICATE_METHOD_MATCH = YES;
				"CODE_SIGN_IDENTITY[sdk=iphoneos*]" = "iPhone Developer";
				COPY_PHASE_STRIP = NO;
				DEBUG_INFORMATION_FORMAT = dwarf;
				ENABLE_STRICT_OBJC_MSGSEND = YES;
				ENABLE_TESTABILITY = YES;
				GCC_C_LANGUAGE_STANDARD = gnu99;
				GCC_DYNAMIC_NO_PIC = NO;
				GCC_NO_COMMON_BLOCKS = YES;
				GCC_OPTIMIZATION_LEVEL = 0;
				GCC_PREPROCESSOR_DEFINITIONS = (
					"DEBUG=1",
					"$(inherited)",
				);
				GCC_WARN_64_TO_32_BIT_CONVERSION = YES;
				GCC_WARN_ABOUT_RETURN_TYPE = YES_ERROR;
				GCC_WARN_UNDECLARED_SELECTOR = YES;
				GCC_WARN_UNINITIALIZED_AUTOS = YES_AGGRESSIVE;
				GCC_WARN_UNUSED_FUNCTION = YES;
				GCC_WARN_UNUSED_VARIABLE = YES;
				IPHONEOS_DEPLOYMENT_TARGET = 9.3;
				MTL_ENABLE_DEBUG_INFO = YES;
				ONLY_ACTIVE_ARCH = YES;
				SDKROOT = iphoneos;
			};
			name = Debug;
		};
		AB5E20CF1D64372100F7BA8C /* Release */ = {
			isa = XCBuildConfiguration;
			buildSettings = {
				ALWAYS_SEARCH_USER_PATHS = NO;
				CLANG_ANALYZER_NONNULL = YES;
				CLANG_CXX_LANGUAGE_STANDARD = "gnu++0x";
				CLANG_CXX_LIBRARY = "libc++";
				CLANG_ENABLE_MODULES = YES;
				CLANG_ENABLE_OBJC_ARC = YES;
				CLANG_WARN_BOOL_CONVERSION = YES;
				CLANG_WARN_CONSTANT_CONVERSION = YES;
				CLANG_WARN_DIRECT_OBJC_ISA_USAGE = YES_ERROR;
				CLANG_WARN_EMPTY_BODY = YES;
				CLANG_WARN_ENUM_CONVERSION = YES;
				CLANG_WARN_INT_CONVERSION = YES;
				CLANG_WARN_OBJC_ROOT_CLASS = YES_ERROR;
				CLANG_WARN_UNREACHABLE_CODE = YES;
				CLANG_WARN__DUPLICATE_METHOD_MATCH = YES;
				"CODE_SIGN_IDENTITY[sdk=iphoneos*]" = "iPhone Developer";
				COPY_PHASE_STRIP = NO;
				DEBUG_INFORMATION_FORMAT = "dwarf-with-dsym";
				ENABLE_NS_ASSERTIONS = NO;
				ENABLE_STRICT_OBJC_MSGSEND = YES;
				GCC_C_LANGUAGE_STANDARD = gnu99;
				GCC_NO_COMMON_BLOCKS = YES;
				GCC_WARN_64_TO_32_BIT_CONVERSION = YES;
				GCC_WARN_ABOUT_RETURN_TYPE = YES_ERROR;
				GCC_WARN_UNDECLARED_SELECTOR = YES;
				GCC_WARN_UNINITIALIZED_AUTOS = YES_AGGRESSIVE;
				GCC_WARN_UNUSED_FUNCTION = YES;
				GCC_WARN_UNUSED_VARIABLE = YES;
				IPHONEOS_DEPLOYMENT_TARGET = 9.3;
				MTL_ENABLE_DEBUG_INFO = NO;
				SDKROOT = iphoneos;
				VALIDATE_PRODUCT = YES;
			};
			name = Release;
		};
		AB5E20D11D64372100F7BA8C /* Debug */ = {
			isa = XCBuildConfiguration;
			buildSettings = {
				ASSETCATALOG_COMPILER_APPICON_NAME = AppIcon;
				INFOPLIST_FILE = xmpptext/Info.plist;
				LD_RUNPATH_SEARCH_PATHS = "$(inherited) @executable_path/Frameworks";
				PRODUCT_BUNDLE_IDENTIFIER = com.zoe.xmpptext;
				PRODUCT_NAME = "$(TARGET_NAME)";
			};
			name = Debug;
		};
		AB5E20D21D64372100F7BA8C /* Release */ = {
			isa = XCBuildConfiguration;
			buildSettings = {
				ASSETCATALOG_COMPILER_APPICON_NAME = AppIcon;
				INFOPLIST_FILE = xmpptext/Info.plist;
				LD_RUNPATH_SEARCH_PATHS = "$(inherited) @executable_path/Frameworks";
				PRODUCT_BUNDLE_IDENTIFIER = com.zoe.xmpptext;
				PRODUCT_NAME = "$(TARGET_NAME)";
			};
			name = Release;
		};
/* End XCBuildConfiguration section */

/* Begin XCConfigurationList section */
		AB5E20B41D64372100F7BA8C /* Build configuration list for PBXProject "xmpptext" */ = {
			isa = XCConfigurationList;
			buildConfigurations = (
				AB5E20CE1D64372100F7BA8C /* Debug */,
				AB5E20CF1D64372100F7BA8C /* Release */,
			);
			defaultConfigurationIsVisible = 0;
			defaultConfigurationName = Release;
		};
		AB5E20D01D64372100F7BA8C /* Build configuration list for PBXNativeTarget "xmpptext" */ = {
			isa = XCConfigurationList;
			buildConfigurations = (
				AB5E20D11D64372100F7BA8C /* Debug */,
				AB5E20D21D64372100F7BA8C /* Release */,
			);
			defaultConfigurationIsVisible = 0;
		};
/* End XCConfigurationList section */
	};
	rootObject = AB5E20B11D64372100F7BA8C /* Project object */;
}
